// !$*UTF8*$!
{
	archiveVersion = 1;
	classes = {
	};
	objectVersion = 50;
	objects = {

/* Begin PBXBuildFile section */
		4934185320F531FF00EAA4C8 /* AppDelegate.swift in Sources */ = {isa = PBXBuildFile; fileRef = 4934185220F531FF00EAA4C8 /* AppDelegate.swift */; };
		4934185520F531FF00EAA4C8 /* ViewController.swift in Sources */ = {isa = PBXBuildFile; fileRef = 4934185420F531FF00EAA4C8 /* ViewController.swift */; };
		4934185A20F5320000EAA4C8 /* Assets.xcassets in Resources */ = {isa = PBXBuildFile; fileRef = 4934185920F5320000EAA4C8 /* Assets.xcassets */; };
		4934185D20F5320000EAA4C8 /* LaunchScreen.storyboard in Resources */ = {isa = PBXBuildFile; fileRef = 4934185B20F5320000EAA4C8 /* LaunchScreen.storyboard */; };
		4934186820F5320000EAA4C8 /* Wipro_AssignmentTests.swift in Sources */ = {isa = PBXBuildFile; fileRef = 4934186720F5320000EAA4C8 /* Wipro_AssignmentTests.swift */; };
		4934187320F5320000EAA4C8 /* Wipro_AssignmentUITests.swift in Sources */ = {isa = PBXBuildFile; fileRef = 4934187220F5320000EAA4C8 /* Wipro_AssignmentUITests.swift */; };
		8A40FBDD45FB3639EACDF3E3 /* Pods_Wipro_Assignment.framework in Frameworks */ = {isa = PBXBuildFile; fileRef = 832CE956D50B9AE3ECFB7A3D /* Pods_Wipro_Assignment.framework */; };
/* End PBXBuildFile section */

/* Begin PBXContainerItemProxy section */
		4934186420F5320000EAA4C8 /* PBXContainerItemProxy */ = {
			isa = PBXContainerItemProxy;
			containerPortal = 4934184720F531FF00EAA4C8 /* Project object */;
			proxyType = 1;
			remoteGlobalIDString = 4934184E20F531FF00EAA4C8;
			remoteInfo = Wipro_Assignment;
		};
		4934186F20F5320000EAA4C8 /* PBXContainerItemProxy */ = {
			isa = PBXContainerItemProxy;
			containerPortal = 4934184720F531FF00EAA4C8 /* Project object */;
			proxyType = 1;
			remoteGlobalIDString = 4934184E20F531FF00EAA4C8;
			remoteInfo = Wipro_Assignment;
		};
/* End PBXContainerItemProxy section */

/* Begin PBXFileReference section */
		4934184F20F531FF00EAA4C8 /* Wipro_Assignment.app */ = {isa = PBXFileReference; explicitFileType = wrapper.application; includeInIndex = 0; path = Wipro_Assignment.app; sourceTree = BUILT_PRODUCTS_DIR; };
		4934185220F531FF00EAA4C8 /* AppDelegate.swift */ = {isa = PBXFileReference; lastKnownFileType = sourcecode.swift; path = AppDelegate.swift; sourceTree = "<group>"; };
		4934185420F531FF00EAA4C8 /* ViewController.swift */ = {isa = PBXFileReference; lastKnownFileType = sourcecode.swift; path = ViewController.swift; sourceTree = "<group>"; };
		4934185920F5320000EAA4C8 /* Assets.xcassets */ = {isa = PBXFileReference; lastKnownFileType = folder.assetcatalog; path = Assets.xcassets; sourceTree = "<group>"; };
		4934185C20F5320000EAA4C8 /* Base */ = {isa = PBXFileReference; lastKnownFileType = file.storyboard; name = Base; path = Base.lproj/LaunchScreen.storyboard; sourceTree = "<group>"; };
		4934185E20F5320000EAA4C8 /* Info.plist */ = {isa = PBXFileReference; lastKnownFileType = text.plist.xml; path = Info.plist; sourceTree = "<group>"; };
		4934186320F5320000EAA4C8 /* Wipro_AssignmentTests.xctest */ = {isa = PBXFileReference; explicitFileType = wrapper.cfbundle; includeInIndex = 0; path = Wipro_AssignmentTests.xctest; sourceTree = BUILT_PRODUCTS_DIR; };
		4934186720F5320000EAA4C8 /* Wipro_AssignmentTests.swift */ = {isa = PBXFileReference; lastKnownFileType = sourcecode.swift; path = Wipro_AssignmentTests.swift; sourceTree = "<group>"; };
		4934186920F5320000EAA4C8 /* Info.plist */ = {isa = PBXFileReference; lastKnownFileType = text.plist.xml; path = Info.plist; sourceTree = "<group>"; };
		4934186E20F5320000EAA4C8 /* Wipro_AssignmentUITests.xctest */ = {isa = PBXFileReference; explicitFileType = wrapper.cfbundle; includeInIndex = 0; path = Wipro_AssignmentUITests.xctest; sourceTree = BUILT_PRODUCTS_DIR; };
		4934187220F5320000EAA4C8 /* Wipro_AssignmentUITests.swift */ = {isa = PBXFileReference; lastKnownFileType = sourcecode.swift; path = Wipro_AssignmentUITests.swift; sourceTree = "<group>"; };
		4934187420F5320000EAA4C8 /* Info.plist */ = {isa = PBXFileReference; lastKnownFileType = text.plist.xml; path = Info.plist; sourceTree = "<group>"; };
		4934188020F537C100EAA4C8 /* Wipro_Assignment-Bridging-Header.h */ = {isa = PBXFileReference; lastKnownFileType = sourcecode.c.h; path = "Wipro_Assignment-Bridging-Header.h"; sourceTree = "<group>"; };
		6EE8D853FB594839CC978789 /* Pods-Wipro_Assignment.release.xcconfig */ = {isa = PBXFileReference; includeInIndex = 1; lastKnownFileType = text.xcconfig; name = "Pods-Wipro_Assignment.release.xcconfig"; path = "Pods/Target Support Files/Pods-Wipro_Assignment/Pods-Wipro_Assignment.release.xcconfig"; sourceTree = "<group>"; };
		832CE956D50B9AE3ECFB7A3D /* Pods_Wipro_Assignment.framework */ = {isa = PBXFileReference; explicitFileType = wrapper.framework; includeInIndex = 0; path = Pods_Wipro_Assignment.framework; sourceTree = BUILT_PRODUCTS_DIR; };
		E750AE7332DD9823D452441A /* Pods-Wipro_Assignment.debug.xcconfig */ = {isa = PBXFileReference; includeInIndex = 1; lastKnownFileType = text.xcconfig; name = "Pods-Wipro_Assignment.debug.xcconfig"; path = "Pods/Target Support Files/Pods-Wipro_Assignment/Pods-Wipro_Assignment.debug.xcconfig"; sourceTree = "<group>"; };
/* End PBXFileReference section */

/* Begin PBXFrameworksBuildPhase section */
		4934184C20F531FF00EAA4C8 /* Frameworks */ = {
			isa = PBXFrameworksBuildPhase;
			buildActionMask = 2147483647;
			files = (
				8A40FBDD45FB3639EACDF3E3 /* Pods_Wipro_Assignment.framework in Frameworks */,
			);
			runOnlyForDeploymentPostprocessing = 0;
		};
		4934186020F5320000EAA4C8 /* Frameworks */ = {
			isa = PBXFrameworksBuildPhase;
			buildActionMask = 2147483647;
			files = (
			);
			runOnlyForDeploymentPostprocessing = 0;
		};
		4934186B20F5320000EAA4C8 /* Frameworks */ = {
			isa = PBXFrameworksBuildPhase;
			buildActionMask = 2147483647;
			files = (
			);
			runOnlyForDeploymentPostprocessing = 0;
		};
/* End PBXFrameworksBuildPhase section */

/* Begin PBXGroup section */
		4934184620F531FF00EAA4C8 = {
			isa = PBXGroup;
			children = (
				4934188020F537C100EAA4C8 /* Wipro_Assignment-Bridging-Header.h */,
				4934185120F531FF00EAA4C8 /* Wipro_Assignment */,
				4934186620F5320000EAA4C8 /* Wipro_AssignmentTests */,
				4934187120F5320000EAA4C8 /* Wipro_AssignmentUITests */,
				4934185020F531FF00EAA4C8 /* Products */,
				CF4389D635ECEEA6CA565A22 /* Pods */,
				87AA6DE1979D37C5F9802D59 /* Frameworks */,
			);
			sourceTree = "<group>";
		};
		4934185020F531FF00EAA4C8 /* Products */ = {
			isa = PBXGroup;
			children = (
				4934184F20F531FF00EAA4C8 /* Wipro_Assignment.app */,
				4934186320F5320000EAA4C8 /* Wipro_AssignmentTests.xctest */,
				4934186E20F5320000EAA4C8 /* Wipro_AssignmentUITests.xctest */,
			);
			name = Products;
			sourceTree = "<group>";
		};
		4934185120F531FF00EAA4C8 /* Wipro_Assignment */ = {
			isa = PBXGroup;
			children = (
				4934185220F531FF00EAA4C8 /* AppDelegate.swift */,
				4934185420F531FF00EAA4C8 /* ViewController.swift */,
				4934185920F5320000EAA4C8 /* Assets.xcassets */,
				4934185B20F5320000EAA4C8 /* LaunchScreen.storyboard */,
				4934185E20F5320000EAA4C8 /* Info.plist */,
			);
			path = Wipro_Assignment;
			sourceTree = "<group>";
		};
		4934186620F5320000EAA4C8 /* Wipro_AssignmentTests */ = {
			isa = PBXGroup;
			children = (
				4934186720F5320000EAA4C8 /* Wipro_AssignmentTests.swift */,
				4934186920F5320000EAA4C8 /* Info.plist */,
			);
			path = Wipro_AssignmentTests;
			sourceTree = "<group>";
		};
		4934187120F5320000EAA4C8 /* Wipro_AssignmentUITests */ = {
			isa = PBXGroup;
			children = (
				4934187220F5320000EAA4C8 /* Wipro_AssignmentUITests.swift */,
				4934187420F5320000EAA4C8 /* Info.plist */,
			);
			path = Wipro_AssignmentUITests;
			sourceTree = "<group>";
		};
		87AA6DE1979D37C5F9802D59 /* Frameworks */ = {
			isa = PBXGroup;
			children = (
				832CE956D50B9AE3ECFB7A3D /* Pods_Wipro_Assignment.framework */,
			);
			name = Frameworks;
			sourceTree = "<group>";
		};
		CF4389D635ECEEA6CA565A22 /* Pods */ = {
			isa = PBXGroup;
			children = (
				E750AE7332DD9823D452441A /* Pods-Wipro_Assignment.debug.xcconfig */,
				6EE8D853FB594839CC978789 /* Pods-Wipro_Assignment.release.xcconfig */,
			);
			name = Pods;
			sourceTree = "<group>";
		};
/* End PBXGroup section */

/* Begin PBXNativeTarget section */
		4934184E20F531FF00EAA4C8 /* Wipro_Assignment */ = {
			isa = PBXNativeTarget;
			buildConfigurationList = 4934187720F5320000EAA4C8 /* Build configuration list for PBXNativeTarget "Wipro_Assignment" */;
			buildPhases = (
				96AD13AFFA2454C27EB27579 /* [CP] Check Pods Manifest.lock */,
				4934184B20F531FF00EAA4C8 /* Sources */,
				4934184C20F531FF00EAA4C8 /* Frameworks */,
				4934184D20F531FF00EAA4C8 /* Resources */,
				4F29FCE1235E000761BDA5A3 /* [CP] Embed Pods Frameworks */,
			);
			buildRules = (
			);
			dependencies = (
			);
			name = Wipro_Assignment;
			productName = Wipro_Assignment;
			productReference = 4934184F20F531FF00EAA4C8 /* Wipro_Assignment.app */;
			productType = "com.apple.product-type.application";
		};
		4934186220F5320000EAA4C8 /* Wipro_AssignmentTests */ = {
			isa = PBXNativeTarget;
			buildConfigurationList = 4934187A20F5320000EAA4C8 /* Build configuration list for PBXNativeTarget "Wipro_AssignmentTests" */;
			buildPhases = (
				4934185F20F5320000EAA4C8 /* Sources */,
				4934186020F5320000EAA4C8 /* Frameworks */,
				4934186120F5320000EAA4C8 /* Resources */,
			);
			buildRules = (
			);
			dependencies = (
				4934186520F5320000EAA4C8 /* PBXTargetDependency */,
			);
			name = Wipro_AssignmentTests;
			productName = Wipro_AssignmentTests;
			productReference = 4934186320F5320000EAA4C8 /* Wipro_AssignmentTests.xctest */;
			productType = "com.apple.product-type.bundle.unit-test";
		};
		4934186D20F5320000EAA4C8 /* Wipro_AssignmentUITests */ = {
			isa = PBXNativeTarget;
			buildConfigurationList = 4934187D20F5320000EAA4C8 /* Build configuration list for PBXNativeTarget "Wipro_AssignmentUITests" */;
			buildPhases = (
				4934186A20F5320000EAA4C8 /* Sources */,
				4934186B20F5320000EAA4C8 /* Frameworks */,
				4934186C20F5320000EAA4C8 /* Resources */,
			);
			buildRules = (
			);
			dependencies = (
				4934187020F5320000EAA4C8 /* PBXTargetDependency */,
			);
			name = Wipro_AssignmentUITests;
			productName = Wipro_AssignmentUITests;
			productReference = 4934186E20F5320000EAA4C8 /* Wipro_AssignmentUITests.xctest */;
			productType = "com.apple.product-type.bundle.ui-testing";
		};
/* End PBXNativeTarget section */

/* Begin PBXProject section */
		4934184720F531FF00EAA4C8 /* Project object */ = {
			isa = PBXProject;
			attributes = {
				LastSwiftUpdateCheck = 0940;
				LastUpgradeCheck = 0940;
				ORGANIZATIONNAME = Shital;
				TargetAttributes = {
					4934184E20F531FF00EAA4C8 = {
						CreatedOnToolsVersion = 9.4.1;
					};
					4934186220F5320000EAA4C8 = {
						CreatedOnToolsVersion = 9.4.1;
						TestTargetID = 4934184E20F531FF00EAA4C8;
					};
					4934186D20F5320000EAA4C8 = {
						CreatedOnToolsVersion = 9.4.1;
						TestTargetID = 4934184E20F531FF00EAA4C8;
					};
				};
			};
			buildConfigurationList = 4934184A20F531FF00EAA4C8 /* Build configuration list for PBXProject "Wipro_Assignment" */;
			compatibilityVersion = "Xcode 9.3";
			developmentRegion = en;
			hasScannedForEncodings = 0;
			knownRegions = (
				en,
				Base,
			);
			mainGroup = 4934184620F531FF00EAA4C8;
			productRefGroup = 4934185020F531FF00EAA4C8 /* Products */;
			projectDirPath = "";
			projectRoot = "";
			targets = (
				4934184E20F531FF00EAA4C8 /* Wipro_Assignment */,
				4934186220F5320000EAA4C8 /* Wipro_AssignmentTests */,
				4934186D20F5320000EAA4C8 /* Wipro_AssignmentUITests */,
			);
		};
/* End PBXProject section */

/* Begin PBXResourcesBuildPhase section */
		4934184D20F531FF00EAA4C8 /* Resources */ = {
			isa = PBXResourcesBuildPhase;
			buildActionMask = 2147483647;
			files = (
				4934185D20F5320000EAA4C8 /* LaunchScreen.storyboard in Resources */,
				4934185A20F5320000EAA4C8 /* Assets.xcassets in Resources */,
			);
			runOnlyForDeploymentPostprocessing = 0;
		};
		4934186120F5320000EAA4C8 /* Resources */ = {
			isa = PBXResourcesBuildPhase;
			buildActionMask = 2147483647;
			files = (
			);
			runOnlyForDeploymentPostprocessing = 0;
		};
		4934186C20F5320000EAA4C8 /* Resources */ = {
			isa = PBXResourcesBuildPhase;
			buildActionMask = 2147483647;
			files = (
			);
			runOnlyForDeploymentPostprocessing = 0;
		};
/* End PBXResourcesBuildPhase section */

/* Begin PBXShellScriptBuildPhase section */
		4F29FCE1235E000761BDA5A3 /* [CP] Embed Pods Frameworks */ = {
			isa = PBXShellScriptBuildPhase;
			buildActionMask = 2147483647;
			files = (
			);
			inputPaths = (
				"${SRCROOT}/Pods/Target Support Files/Pods-Wipro_Assignment/Pods-Wipro_Assignment-frameworks.sh",
				"${BUILT_PRODUCTS_DIR}/ReachabilitySwift/Reachability.framework",
				"${BUILT_PRODUCTS_DIR}/SVProgressHUD/SVProgressHUD.framework",
			);
			name = "[CP] Embed Pods Frameworks";
			outputPaths = (
				"${TARGET_BUILD_DIR}/${FRAMEWORKS_FOLDER_PATH}/Reachability.framework",
				"${TARGET_BUILD_DIR}/${FRAMEWORKS_FOLDER_PATH}/SVProgressHUD.framework",
			);
			runOnlyForDeploymentPostprocessing = 0;
			shellPath = /bin/sh;
			shellScript = "\"${SRCROOT}/Pods/Target Support Files/Pods-Wipro_Assignment/Pods-Wipro_Assignment-frameworks.sh\"\n";
			showEnvVarsInLog = 0;
		};
		96AD13AFFA2454C27EB27579 /* [CP] Check Pods Manifest.lock */ = {
			isa = PBXShellScriptBuildPhase;
			buildActionMask = 2147483647;
			files = (
			);
			inputPaths = (
				"${PODS_PODFILE_DIR_PATH}/Podfile.lock",
				"${PODS_ROOT}/Manifest.lock",
			);
			name = "[CP] Check Pods Manifest.lock";
			outputPaths = (
				"$(DERIVED_FILE_DIR)/Pods-Wipro_Assignment-checkManifestLockResult.txt",
			);
			runOnlyForDeploymentPostprocessing = 0;
			shellPath = /bin/sh;
			shellScript = "diff \"${PODS_PODFILE_DIR_PATH}/Podfile.lock\" \"${PODS_ROOT}/Manifest.lock\" > /dev/null\nif [ $? != 0 ] ; then\n    # print error to STDERR\n    echo \"error: The sandbox is not in sync with the Podfile.lock. Run 'pod install' or update your CocoaPods installation.\" >&2\n    exit 1\nfi\n# This output is used by Xcode 'outputs' to avoid re-running this script phase.\necho \"SUCCESS\" > \"${SCRIPT_OUTPUT_FILE_0}\"\n";
			showEnvVarsInLog = 0;
		};
/* End PBXShellScriptBuildPhase section */

/* Begin PBXSourcesBuildPhase section */
		4934184B20F531FF00EAA4C8 /* Sources */ = {
			isa = PBXSourcesBuildPhase;
			buildActionMask = 2147483647;
			files = (
				4934185520F531FF00EAA4C8 /* ViewController.swift in Sources */,
				4934185320F531FF00EAA4C8 /* AppDelegate.swift in Sources */,
			);
			runOnlyForDeploymentPostprocessing = 0;
		};
		4934185F20F5320000EAA4C8 /* Sources */ = {
			isa = PBXSourcesBuildPhase;
			buildActionMask = 2147483647;
			files = (
				4934186820F5320000EAA4C8 /* Wipro_AssignmentTests.swift in Sources */,
			);
			runOnlyForDeploymentPostprocessing = 0;
		};
		4934186A20F5320000EAA4C8 /* Sources */ = {
			isa = PBXSourcesBuildPhase;
			buildActionMask = 2147483647;
			files = (
				4934187320F5320000EAA4C8 /* Wipro_AssignmentUITests.swift in Sources */,
			);
			runOnlyForDeploymentPostprocessing = 0;
		};
/* End PBXSourcesBuildPhase section */

/* Begin PBXTargetDependency section */
		4934186520F5320000EAA4C8 /* PBXTargetDependency */ = {
			isa = PBXTargetDependency;
			target = 4934184E20F531FF00EAA4C8 /* Wipro_Assignment */;
			targetProxy = 4934186420F5320000EAA4C8 /* PBXContainerItemProxy */;
		};
		4934187020F5320000EAA4C8 /* PBXTargetDependency */ = {
			isa = PBXTargetDependency;
			target = 4934184E20F531FF00EAA4C8 /* Wipro_Assignment */;
			targetProxy = 4934186F20F5320000EAA4C8 /* PBXContainerItemProxy */;
		};
/* End PBXTargetDependency section */

/* Begin PBXVariantGroup section */
		4934185B20F5320000EAA4C8 /* LaunchScreen.storyboard */ = {
			isa = PBXVariantGroup;
			children = (
				4934185C20F5320000EAA4C8 /* Base */,
			);
			name = LaunchScreen.storyboard;
			sourceTree = "<group>";
		};
/* End PBXVariantGroup section */

/* Begin XCBuildConfiguration section */
		4934187520F5320000EAA4C8 /* Debug */ = {
			isa = XCBuildConfiguration;
			buildSettings = {
				ALWAYS_SEARCH_USER_PATHS = NO;
				CLANG_ANALYZER_NONNULL = YES;
				CLANG_ANALYZER_NUMBER_OBJECT_CONVERSION = YES_AGGRESSIVE;
				CLANG_CXX_LANGUAGE_STANDARD = "gnu++14";
				CLANG_CXX_LIBRARY = "libc++";
				CLANG_ENABLE_MODULES = YES;
				CLANG_ENABLE_OBJC_ARC = YES;
				CLANG_ENABLE_OBJC_WEAK = YES;
				CLANG_WARN_BLOCK_CAPTURE_AUTORELEASING = YES;
				CLANG_WARN_BOOL_CONVERSION = YES;
				CLANG_WARN_COMMA = YES;
				CLANG_WARN_CONSTANT_CONVERSION = YES;
				CLANG_WARN_DEPRECATED_OBJC_IMPLEMENTATIONS = YES;
				CLANG_WARN_DIRECT_OBJC_ISA_USAGE = YES_ERROR;
				CLANG_WARN_DOCUMENTATION_COMMENTS = YES;
				CLANG_WARN_EMPTY_BODY = YES;
				CLANG_WARN_ENUM_CONVERSION = YES;
				CLANG_WARN_INFINITE_RECURSION = YES;
				CLANG_WARN_INT_CONVERSION = YES;
				CLANG_WARN_NON_LITERAL_NULL_CONVERSION = YES;
				CLANG_WARN_OBJC_IMPLICIT_RETAIN_SELF = YES;
				CLANG_WARN_OBJC_LITERAL_CONVERSION = YES;
				CLANG_WARN_OBJC_ROOT_CLASS = YES_ERROR;
				CLANG_WARN_RANGE_LOOP_ANALYSIS = YES;
				CLANG_WARN_STRICT_PROTOTYPES = YES;
				CLANG_WARN_SUSPICIOUS_MOVE = YES;
				CLANG_WARN_UNGUARDED_AVAILABILITY = YES_AGGRESSIVE;
				CLANG_WARN_UNREACHABLE_CODE = YES;
				CLANG_WARN__DUPLICATE_METHOD_MATCH = YES;
				CODE_SIGN_IDENTITY = "iPhone Developer";
				COPY_PHASE_STRIP = NO;
				DEBUG_INFORMATION_FORMAT = dwarf;
				ENABLE_STRICT_OBJC_MSGSEND = YES;
				ENABLE_TESTABILITY = YES;
				GCC_C_LANGUAGE_STANDARD = gnu11;
				GCC_DYNAMIC_NO_PIC = NO;
				GCC_NO_COMMON_BLOCKS = YES;
				GCC_OPTIMIZATION_LEVEL = 0;
				GCC_PREPROCESSOR_DEFINITIONS = (
					"DEBUG=1",
					"$(inherited)",
				);
				GCC_WARN_64_TO_32_BIT_CONVERSION = YES;
				GCC_WARN_ABOUT_RETURN_TYPE = YES_ERROR;
				GCC_WARN_UNDECLARED_SELECTOR = YES;
				GCC_WARN_UNINITIALIZED_AUTOS = YES_AGGRESSIVE;
				GCC_WARN_UNUSED_FUNCTION = YES;
				GCC_WARN_UNUSED_VARIABLE = YES;
				IPHONEOS_DEPLOYMENT_TARGET = 11.4;
				MTL_ENABLE_DEBUG_INFO = YES;
				ONLY_ACTIVE_ARCH = YES;
				SDKROOT = iphoneos;
				SWIFT_ACTIVE_COMPILATION_CONDITIONS = DEBUG;
				SWIFT_OPTIMIZATION_LEVEL = "-Onone";
			};
			name = Debug;
		};
		4934187620F5320000EAA4C8 /* Release */ = {
			isa = XCBuildConfiguration;
			buildSettings = {
				ALWAYS_SEARCH_USER_PATHS = NO;
				CLANG_ANALYZER_NONNULL = YES;
				CLANG_ANALYZER_NUMBER_OBJECT_CONVERSION = YES_AGGRESSIVE;
				CLANG_CXX_LANGUAGE_STANDARD = "gnu++14";
				CLANG_CXX_LIBRARY = "libc++";
				CLANG_ENABLE_MODULES = YES;
				CLANG_ENABLE_OBJC_ARC = YES;
				CLANG_ENABLE_OBJC_WEAK = YES;
				CLANG_WARN_BLOCK_CAPTURE_AUTORELEASING = YES;
				CLANG_WARN_BOOL_CONVERSION = YES;
				CLANG_WARN_COMMA = YES;
				CLANG_WARN_CONSTANT_CONVERSION = YES;
				CLANG_WARN_DEPRECATED_OBJC_IMPLEMENTATIONS = YES;
				CLANG_WARN_DIRECT_OBJC_ISA_USAGE = YES_ERROR;
				CLANG_WARN_DOCUMENTATION_COMMENTS = YES;
				CLANG_WARN_EMPTY_BODY = YES;
				CLANG_WARN_ENUM_CONVERSION = YES;
				CLANG_WARN_INFINITE_RECURSION = YES;
				CLANG_WARN_INT_CONVERSION = YES;
				CLANG_WARN_NON_LITERAL_NULL_CONVERSION = YES;
				CLANG_WARN_OBJC_IMPLICIT_RETAIN_SELF = YES;
				CLANG_WARN_OBJC_LITERAL_CONVERSION = YES;
				CLANG_WARN_OBJC_ROOT_CLASS = YES_ERROR;
				CLANG_WARN_RANGE_LOOP_ANALYSIS = YES;
				CLANG_WARN_STRICT_PROTOTYPES = YES;
				CLANG_WARN_SUSPICIOUS_MOVE = YES;
				CLANG_WARN_UNGUARDED_AVAILABILITY = YES_AGGRESSIVE;
				CLANG_WARN_UNREACHABLE_CODE = YES;
				CLANG_WARN__DUPLICATE_METHOD_MATCH = YES;
				CODE_SIGN_IDENTITY = "iPhone Developer";
				COPY_PHASE_STRIP = NO;
				DEBUG_INFORMATION_FORMAT = "dwarf-with-dsym";
				ENABLE_NS_ASSERTIONS = NO;
				ENABLE_STRICT_OBJC_MSGSEND = YES;
				GCC_C_LANGUAGE_STANDARD = gnu11;
				GCC_NO_COMMON_BLOCKS = YES;
				GCC_WARN_64_TO_32_BIT_CONVERSION = YES;
				GCC_WARN_ABOUT_RETURN_TYPE = YES_ERROR;
				GCC_WARN_UNDECLARED_SELECTOR = YES;
				GCC_WARN_UNINITIALIZED_AUTOS = YES_AGGRESSIVE;
				GCC_WARN_UNUSED_FUNCTION = YES;
				GCC_WARN_UNUSED_VARIABLE = YES;
				IPHONEOS_DEPLOYMENT_TARGET = 11.4;
				MTL_ENABLE_DEBUG_INFO = NO;
				SDKROOT = iphoneos;
				SWIFT_COMPILATION_MODE = wholemodule;
				SWIFT_OPTIMIZATION_LEVEL = "-O";
				VALIDATE_PRODUCT = YES;
			};
			name = Release;
		};
		4934187820F5320000EAA4C8 /* Debug */ = {
			isa = XCBuildConfiguration;
			baseConfigurationReference = E750AE7332DD9823D452441A /* Pods-Wipro_Assignment.debug.xcconfig */;
			buildSettings = {
				ASSETCATALOG_COMPILER_APPICON_NAME = AppIcon;
				CODE_SIGN_STYLE = Automatic;
				DEVELOPMENT_TEAM = 9PJT9583SS;
				INFOPLIST_FILE = Wipro_Assignment/Info.plist;
				LD_RUNPATH_SEARCH_PATHS = (
					"$(inherited)",
					"@executable_path/Frameworks",
				);
				PRODUCT_BUNDLE_IDENTIFIER = "com.ios.wiproAssignment.Wipro-Assignment";
				PRODUCT_NAME = "$(TARGET_NAME)";
				SWIFT_OBJC_BRIDGING_HEADER = "Wipro_Assignment-Bridging-Header.h";
				SWIFT_VERSION = 4.0;
				TARGETED_DEVICE_FAMILY = "1,2";
			};
			name = Debug;
		};
		4934187920F5320000EAA4C8 /* Release */ = {
			isa = XCBuildConfiguration;
			baseConfigurationReference = 6EE8D853FB594839CC978789 /* Pods-Wipro_Assignment.release.xcconfig */;
			buildSettings = {
				ASSETCATALOG_COMPILER_APPICON_NAME = AppIcon;
				CODE_SIGN_STYLE = Automatic;
				DEVELOPMENT_TEAM = 9PJT9583SS;
				INFOPLIST_FILE = Wipro_Assignment/Info.plist;
				LD_RUNPATH_SEARCH_PATHS = (
					"$(inherited)",
					"@executable_path/Frameworks",
				);
				PRODUCT_BUNDLE_IDENTIFIER = "com.ios.wiproAssignment.Wipro-Assignment";
				PRODUCT_NAME = "$(TARGET_NAME)";
				SWIFT_OBJC_BRIDGING_HEADER = "Wipro_Assignment-Bridging-Header.h";
				SWIFT_VERSION = 4.0;
				TARGETED_DEVICE_FAMILY = "1,2";
			};
			name = Release;
		};
		4934187B20F5320000EAA4C8 /* Debug */ = {
			isa = XCBuildConfiguration;
			buildSettings = {
				ALWAYS_EMBED_SWIFT_STANDARD_LIBRARIES = YES;
				BUNDLE_LOADER = "$(TEST_HOST)";
				CODE_SIGN_STYLE = Automatic;
				DEVELOPMENT_TEAM = 9PJT9583SS;
				INFOPLIST_FILE = Wipro_AssignmentTests/Info.plist;
				LD_RUNPATH_SEARCH_PATHS = (
					"$(inherited)",
					"@executable_path/Frameworks",
					"@loader_path/Frameworks",
				);
				PRODUCT_BUNDLE_IDENTIFIER = "com.ios.wiproAssignment.Wipro-AssignmentTests";
				PRODUCT_NAME = "$(TARGET_NAME)";
				SWIFT_VERSION = 4.0;
				TARGETED_DEVICE_FAMILY = "1,2";
				TEST_HOST = "$(BUILT_PRODUCTS_DIR)/Wipro_Assignment.app/Wipro_Assignment";
			};
			name = Debug;
		};
		4934187C20F5320000EAA4C8 /* Release */ = {
			isa = XCBuildConfiguration;
			buildSettings = {
				ALWAYS_EMBED_SWIFT_STANDARD_LIBRARIES = YES;
				BUNDLE_LOADER = "$(TEST_HOST)";
				CODE_SIGN_STYLE = Automatic;
				DEVELOPMENT_TEAM = 9PJT9583SS;
				INFOPLIST_FILE = Wipro_AssignmentTests/Info.plist;
				LD_RUNPATH_SEARCH_PATHS = (
					"$(inherited)",
					"@executable_path/Frameworks",
					"@loader_path/Frameworks",
				);
				PRODUCT_BUNDLE_IDENTIFIER = "com.ios.wiproAssignment.Wipro-AssignmentTests";
				PRODUCT_NAME = "$(TARGET_NAME)";
				SWIFT_VERSION = 4.0;
				TARGETED_DEVICE_FAMILY = "1,2";
				TEST_HOST = "$(BUILT_PRODUCTS_DIR)/Wipro_Assignment.app/Wipro_Assignment";
			};
			name = Release;
		};
		4934187E20F5320000EAA4C8 /* Debug */ = {
			isa = XCBuildConfiguration;
			buildSettings = {
				ALWAYS_EMBED_SWIFT_STANDARD_LIBRARIES = YES;
				CODE_SIGN_STYLE = Automatic;
				DEVELOPMENT_TEAM = 9PJT9583SS;
				INFOPLIST_FILE = Wipro_AssignmentUITests/Info.plist;
				LD_RUNPATH_SEARCH_PATHS = (
					"$(inherited)",
					"@executable_path/Frameworks",
					"@loader_path/Frameworks",
				);
				PRODUCT_BUNDLE_IDENTIFIER = "com.ios.wiproAssignment.Wipro-AssignmentUITests";
				PRODUCT_NAME = "$(TARGET_NAME)";
				SWIFT_VERSION = 4.0;
				TARGETED_DEVICE_FAMILY = "1,2";
				TEST_TARGET_NAME = Wipro_Assignment;
			};
			name = Debug;
		};
		4934187F20F5320000EAA4C8 /* Release */ = {
			isa = XCBuildConfiguration;
			buildSettings = {
				ALWAYS_EMBED_SWIFT_STANDARD_LIBRARIES = YES;
				CODE_SIGN_STYLE = Automatic;
				DEVELOPMENT_TEAM = 9PJT9583SS;
				INFOPLIST_FILE = Wipro_AssignmentUITests/Info.plist;
				LD_RUNPATH_SEARCH_PATHS = (
					"$(inherited)",
					"@executable_path/Frameworks",
					"@loader_path/Frameworks",
				);
				PRODUCT_BUNDLE_IDENTIFIER = "com.ios.wiproAssignment.Wipro-AssignmentUITests";
				PRODUCT_NAME = "$(TARGET_NAME)";
				SWIFT_VERSION = 4.0;
				TARGETED_DEVICE_FAMILY = "1,2";
				TEST_TARGET_NAME = Wipro_Assignment;
			};
			name = Release;
		};
/* End XCBuildConfiguration section */

/* Begin XCConfigurationList section */
		4934184A20F531FF00EAA4C8 /* Build configuration list for PBXProject "Wipro_Assignment" */ = {
			isa = XCConfigurationList;
			buildConfigurations = (
				4934187520F5320000EAA4C8 /* Debug */,
				4934187620F5320000EAA4C8 /* Release */,
			);
			defaultConfigurationIsVisible = 0;
			defaultConfigurationName = Release;
		};
		4934187720F5320000EAA4C8 /* Build configuration list for PBXNativeTarget "Wipro_Assignment" */ = {
			isa = XCConfigurationList;
			buildConfigurations = (
				4934187820F5320000EAA4C8 /* Debug */,
				4934187920F5320000EAA4C8 /* Release */,
			);
			defaultConfigurationIsVisible = 0;
			defaultConfigurationName = Release;
		};
		4934187A20F5320000EAA4C8 /* Build configuration list for PBXNativeTarget "Wipro_AssignmentTests" */ = {
			isa = XCConfigurationList;
			buildConfigurations = (
				4934187B20F5320000EAA4C8 /* Debug */,
				4934187C20F5320000EAA4C8 /* Release */,
			);
			defaultConfigurationIsVisible = 0;
			defaultConfigurationName = Release;
		};
		4934187D20F5320000EAA4C8 /* Build configuration list for PBXNativeTarget "Wipro_AssignmentUITests" */ = {
			isa = XCConfigurationList;
			buildConfigurations = (
				4934187E20F5320000EAA4C8 /* Debug */,
				4934187F20F5320000EAA4C8 /* Release */,
			);
			defaultConfigurationIsVisible = 0;
			defaultConfigurationName = Release;
		};
/* End XCConfigurationList section */
	};
	rootObject = 4934184720F531FF00EAA4C8 /* Project object */;
}
